Microsoft Visual Studio Solution File, Format Version 12.00
# Visual Studio Version 17
VisualStudioVersion = 17.5.2.0
MinimumVisualStudioVersion = 10.0.40219.1
Project("{FAE04EC0-301F-11D3-BF4B-00C04F79EFBC}") = "MOAI.API", "MOAI.API.csproj", "{C0182DB3-10CC-E153-6D70-DE3A0327C011}"
EndProject
Global
	GlobalSection(SolutionConfigurationPlatforms) = preSolution
		Debug|Any CPU = Debug|Any CPU
		Release|Any CPU = Release|Any CPU
	EndGlobalSection
	GlobalSection(ProjectConfigurationPlatforms) = postSolution
		{C0182DB3-10CC-E153-6D70-DE3A0327C011}.Debug|Any CPU.ActiveCfg = Debug|Any CPU
		{C0182DB3-10CC-E153-6D70-DE3A0327C011}.Debug|Any CPU.Build.0 = Debug|Any CPU
		{C0182DB3-10CC-E153-6D70-DE3A0327C011}.Release|Any CPU.ActiveCfg = Release|Any CPU
		{C0182DB3-10CC-E153-6D70-DE3A0327C011}.Release|Any CPU.Build.0 = Release|Any CPU
	EndGlobalSection
	GlobalSection(SolutionProperties) = preSolution
		HideSolutionNode = FALSE
	EndGlobalSection
	GlobalSection(ExtensibilityGlobals) = postSolution
		SolutionGuid = {F1F30B8B-C286-4F69-BCA5-9BB94CADF652}
	EndGlobalSection
EndGlobal
